
Microsoft Visual Studio Solution File, Format Version 12.00
# Visual Studio 14
VisualStudioVersion = 14.0.23107.0
MinimumVisualStudioVersion = 10.0.40219.1
Project("{FAE04EC0-301F-11D3-BF4B-00C04F79EFBC}") = "Supa", "src\Supa\Supa.csproj", "{7E4A6079-FBFE-4F95-BD60-2614214BD677}"
EndProject
Project("{FAE04EC0-301F-11D3-BF4B-00C04F79EFBC}") = "Supa.Tests", "tests\Supa.Tests\Supa.Tests.csproj", "{A6246786-2006-4BE3-87E7-36B7DBB78F04}"
EndProject
Project("{FAE04EC0-301F-11D3-BF4B-00C04F79EFBC}") = "Supa.Platform", "src\Supa.Platform\Supa.Platform.csproj", "{D222F183-2118-4736-BAF8-30FBD9CD7CBE}"
EndProject
Project("{FAE04EC0-301F-11D3-BF4B-00C04F79EFBC}") = "Supa.Platform.Tests", "tests\Supa.Platform.Tests\Supa.Platform.Tests.csproj", "{8A76ACB0-21C0-49BF-980B-686F1D14B5A2}"
EndProject
Project("{2150E333-8FDC-42A3-9474-1A3956D46DE8}") = "Solution Items", "Solution Items", "{AE8F4039-E9EF-42EF-87BF-0591F3C8EEE0}"
	ProjectSection(SolutionItems) = preProject
		Settings.StyleCop = Settings.StyleCop
	EndProjectSection
EndProject
Global
	GlobalSection(SolutionConfigurationPlatforms) = preSolution
		Debug|Any CPU = Debug|Any CPU
		Release|Any CPU = Release|Any CPU
	EndGlobalSection
	GlobalSection(ProjectConfigurationPlatforms) = postSolution
		{7E4A6079-FBFE-4F95-BD60-2614214BD677}.Debug|Any CPU.ActiveCfg = Debug|Any CPU
		{7E4A6079-FBFE-4F95-BD60-2614214BD677}.Debug|Any CPU.Build.0 = Debug|Any CPU
		{7E4A6079-FBFE-4F95-BD60-2614214BD677}.Release|Any CPU.ActiveCfg = Release|Any CPU
		{7E4A6079-FBFE-4F95-BD60-2614214BD677}.Release|Any CPU.Build.0 = Release|Any CPU
		{A6246786-2006-4BE3-87E7-36B7DBB78F04}.Debug|Any CPU.ActiveCfg = Debug|Any CPU
		{A6246786-2006-4BE3-87E7-36B7DBB78F04}.Debug|Any CPU.Build.0 = Debug|Any CPU
		{A6246786-2006-4BE3-87E7-36B7DBB78F04}.Release|Any CPU.ActiveCfg = Release|Any CPU
		{A6246786-2006-4BE3-87E7-36B7DBB78F04}.Release|Any CPU.Build.0 = Release|Any CPU
		{D222F183-2118-4736-BAF8-30FBD9CD7CBE}.Debug|Any CPU.ActiveCfg = Debug|Any CPU
		{D222F183-2118-4736-BAF8-30FBD9CD7CBE}.Debug|Any CPU.Build.0 = Debug|Any CPU
		{D222F183-2118-4736-BAF8-30FBD9CD7CBE}.Release|Any CPU.ActiveCfg = Release|Any CPU
		{D222F183-2118-4736-BAF8-30FBD9CD7CBE}.Release|Any CPU.Build.0 = Release|Any CPU
		{8A76ACB0-21C0-49BF-980B-686F1D14B5A2}.Debug|Any CPU.ActiveCfg = Debug|Any CPU
		{8A76ACB0-21C0-49BF-980B-686F1D14B5A2}.Debug|Any CPU.Build.0 = Debug|Any CPU
		{8A76ACB0-21C0-49BF-980B-686F1D14B5A2}.Release|Any CPU.ActiveCfg = Release|Any CPU
		{8A76ACB0-21C0-49BF-980B-686F1D14B5A2}.Release|Any CPU.Build.0 = Release|Any CPU
	EndGlobalSection
	GlobalSection(SolutionProperties) = preSolution
		HideSolutionNode = FALSE
	EndGlobalSection
EndGlobal
